# This file is autogenerated, do not edit; changes may be undone by the next 'dep ensure'.


[[projects]]
  digest = "1:e85c733f47f7e633fce4eb46a3b2d3616dd95517dcf670ba36bb6da0394dbf16"
  name = "github.com/anaskhan96/soup"
  packages = ["."]
  pruneopts = "UT"
  revision = "cd07662ec9300d16d2ece1c24b0b29ad89f65ff4"
  version = "v1.1"

[[projects]]
  branch = "master"
  digest = "1:ee15023f3a869df3a9a871cd54da8651e211dc99ab6e19e87cca7ddac94a10e0"
  name = "golang.org/x/net"
  packages = [
    "html",
    "html/atom",
  ]
  pruneopts = "UT"
  revision = "f9ce57c11b242f0f1599cf25c89d8cb02c45295a"

[solve-meta]
  analyzer-name = "dep"
  analyzer-version = 1
  input-imports = ["github.com/anaskhan96/soup"]
  solver-name = "gps-cdcl"
  solver-version = 1
